
Microsoft Visual Studio Solution File, Format Version 12.00
# Visual Studio Version 17
VisualStudioVersion = 17.2.32526.322
MinimumVisualStudioVersion = 10.0.40219.1
Project("{9A19103F-16F7-4668-BE54-9A1E7A4F7556}") = "AppStoreIntegrationServiceCore", "AppStoreIntegrationServiceCore\AppStoreIntegrationServiceCore.csproj", "{B96C27BF-FA0F-4E47-97A4-8A291D31D2DD}"
EndProject
Project("{9A19103F-16F7-4668-BE54-9A1E7A4F7556}") = "AppStoreIntegrationServiceAPI", "AppStoreIntegrationServiceAPI\AppStoreIntegrationServiceAPI.csproj", "{6364728A-4E47-4A5E-A868-8850FB87E3C1}"
EndProject
Project("{9A19103F-16F7-4668-BE54-9A1E7A4F7556}") = "AppStoreIntegrationServiceManagement", "AppStoreIntegrationServiceManagement\AppStoreIntegrationServiceManagement.csproj", "{B0FEC14E-A1AB-4D6A-8D94-648BCD46ACD5}"
EndProject
Project("{9A19103F-16F7-4668-BE54-9A1E7A4F7556}") = "AppStoreIntegrationServiceTests", "AppStoreIntegrationServiceTests\AppStoreIntegrationServiceTests.csproj", "{31C49948-9DB4-4A66-8BA5-A8E506DA04E5}"
EndProject
Project("{9A19103F-16F7-4668-BE54-9A1E7A4F7556}") = "AppStoreIntegrationServiceHealthCheck", "AppStoreIntegrationServiceHealthCheck\AppStoreIntegrationServiceHealthCheck.csproj", "{0DA43E54-67C8-4A5E-81D2-8AC0D66FD7F2}"
EndProject
Global
	GlobalSection(SolutionConfigurationPlatforms) = preSolution
		Debug|Any CPU = Debug|Any CPU
		Debug|x86 = Debug|x86
		Release|Any CPU = Release|Any CPU
		Release|x86 = Release|x86
	EndGlobalSection
	GlobalSection(ProjectConfigurationPlatforms) = postSolution
		{B96C27BF-FA0F-4E47-97A4-8A291D31D2DD}.Debug|Any CPU.ActiveCfg = Debug|Any CPU
		{B96C27BF-FA0F-4E47-97A4-8A291D31D2DD}.Debug|Any CPU.Build.0 = Debug|Any CPU
		{B96C27BF-FA0F-4E47-97A4-8A291D31D2DD}.Debug|x86.ActiveCfg = Debug|Any CPU
		{B96C27BF-FA0F-4E47-97A4-8A291D31D2DD}.Debug|x86.Build.0 = Debug|Any CPU
		{B96C27BF-FA0F-4E47-97A4-8A291D31D2DD}.Release|Any CPU.ActiveCfg = Release|Any CPU
		{B96C27BF-FA0F-4E47-97A4-8A291D31D2DD}.Release|Any CPU.Build.0 = Release|Any CPU
		{B96C27BF-FA0F-4E47-97A4-8A291D31D2DD}.Release|x86.ActiveCfg = Release|Any CPU
		{B96C27BF-FA0F-4E47-97A4-8A291D31D2DD}.Release|x86.Build.0 = Release|Any CPU
		{6364728A-4E47-4A5E-A868-8850FB87E3C1}.Debug|Any CPU.ActiveCfg = Debug|Any CPU
		{6364728A-4E47-4A5E-A868-8850FB87E3C1}.Debug|Any CPU.Build.0 = Debug|Any CPU
		{6364728A-4E47-4A5E-A868-8850FB87E3C1}.Debug|x86.ActiveCfg = Debug|Any CPU
		{6364728A-4E47-4A5E-A868-8850FB87E3C1}.Debug|x86.Build.0 = Debug|Any CPU
		{6364728A-4E47-4A5E-A868-8850FB87E3C1}.Release|Any CPU.ActiveCfg = Release|Any CPU
		{6364728A-4E47-4A5E-A868-8850FB87E3C1}.Release|Any CPU.Build.0 = Release|Any CPU
		{6364728A-4E47-4A5E-A868-8850FB87E3C1}.Release|x86.ActiveCfg = Release|Any CPU
		{6364728A-4E47-4A5E-A868-8850FB87E3C1}.Release|x86.Build.0 = Release|Any CPU
		{B0FEC14E-A1AB-4D6A-8D94-648BCD46ACD5}.Debug|Any CPU.ActiveCfg = Debug|Any CPU
		{B0FEC14E-A1AB-4D6A-8D94-648BCD46ACD5}.Debug|Any CPU.Build.0 = Debug|Any CPU
		{B0FEC14E-A1AB-4D6A-8D94-648BCD46ACD5}.Debug|x86.ActiveCfg = Debug|Any CPU
		{B0FEC14E-A1AB-4D6A-8D94-648BCD46ACD5}.Debug|x86.Build.0 = Debug|Any CPU
		{B0FEC14E-A1AB-4D6A-8D94-648BCD46ACD5}.Release|Any CPU.ActiveCfg = Release|Any CPU
		{B0FEC14E-A1AB-4D6A-8D94-648BCD46ACD5}.Release|Any CPU.Build.0 = Release|Any CPU
		{B0FEC14E-A1AB-4D6A-8D94-648BCD46ACD5}.Release|x86.ActiveCfg = Release|Any CPU
		{B0FEC14E-A1AB-4D6A-8D94-648BCD46ACD5}.Release|x86.Build.0 = Release|Any CPU
		{31C49948-9DB4-4A66-8BA5-A8E506DA04E5}.Debug|Any CPU.ActiveCfg = Debug|Any CPU
		{31C49948-9DB4-4A66-8BA5-A8E506DA04E5}.Debug|Any CPU.Build.0 = Debug|Any CPU
		{31C49948-9DB4-4A66-8BA5-A8E506DA04E5}.Debug|x86.ActiveCfg = Debug|Any CPU
		{31C49948-9DB4-4A66-8BA5-A8E506DA04E5}.Debug|x86.Build.0 = Debug|Any CPU
		{31C49948-9DB4-4A66-8BA5-A8E506DA04E5}.Release|Any CPU.ActiveCfg = Release|Any CPU
		{31C49948-9DB4-4A66-8BA5-A8E506DA04E5}.Release|Any CPU.Build.0 = Release|Any CPU
		{31C49948-9DB4-4A66-8BA5-A8E506DA04E5}.Release|x86.ActiveCfg = Release|Any CPU
		{31C49948-9DB4-4A66-8BA5-A8E506DA04E5}.Release|x86.Build.0 = Release|Any CPU
		{0DA43E54-67C8-4A5E-81D2-8AC0D66FD7F2}.Debug|Any CPU.ActiveCfg = Debug|Any CPU
		{0DA43E54-67C8-4A5E-81D2-8AC0D66FD7F2}.Debug|Any CPU.Build.0 = Debug|Any CPU
		{0DA43E54-67C8-4A5E-81D2-8AC0D66FD7F2}.Debug|x86.ActiveCfg = Debug|Any CPU
		{0DA43E54-67C8-4A5E-81D2-8AC0D66FD7F2}.Debug|x86.Build.0 = Debug|Any CPU
		{0DA43E54-67C8-4A5E-81D2-8AC0D66FD7F2}.Release|Any CPU.ActiveCfg = Release|Any CPU
		{0DA43E54-67C8-4A5E-81D2-8AC0D66FD7F2}.Release|Any CPU.Build.0 = Release|Any CPU
		{0DA43E54-67C8-4A5E-81D2-8AC0D66FD7F2}.Release|x86.ActiveCfg = Release|Any CPU
		{0DA43E54-67C8-4A5E-81D2-8AC0D66FD7F2}.Release|x86.Build.0 = Release|Any CPU
	EndGlobalSection
	GlobalSection(SolutionProperties) = preSolution
		HideSolutionNode = FALSE
	EndGlobalSection
	GlobalSection(ExtensibilityGlobals) = postSolution
		SolutionGuid = {C1F1AF2D-CF14-47B4-804C-34BEFD2B91A2}
	EndGlobalSection
EndGlobal
